// !$*UTF8*$!
{
	archiveVersion = 1;
	classes = {
	};
	objectVersion = 46;
	objects = {

/* Begin PBXBuildFile section */
		7E09B9F3196DF6F500045A8D /* itunesSpecHelper.swift in Sources */ = {isa = PBXBuildFile; fileRef = 7E09B9F2196DF6F500045A8D /* itunesSpecHelper.swift */; };
		7EAD9A0A196B4CCE00794807 /* Quick.framework in Frameworks */ = {isa = PBXBuildFile; fileRef = 7EAD99F4196B49C300794807 /* Quick.framework */; settings = {ATTRIBUTES = (Weak, ); }; };
		7EAD9A0B196B4CD500794807 /* Nimble.framework in Frameworks */ = {isa = PBXBuildFile; fileRef = 7EAD9A03196B49E600794807 /* Nimble.framework */; settings = {ATTRIBUTES = (Weak, ); }; };
		7EAD9A0D196B4D2600794807 /* itunesSpecs.swift in Sources */ = {isa = PBXBuildFile; fileRef = 7EAD9A0C196B4D2600794807 /* itunesSpecs.swift */; };
		7EE953E21959428900244D5C /* AppDelegate.swift in Sources */ = {isa = PBXBuildFile; fileRef = 7EE953E11959428900244D5C /* AppDelegate.swift */; };
		7EE953E41959428900244D5C /* ViewController.swift in Sources */ = {isa = PBXBuildFile; fileRef = 7EE953E31959428900244D5C /* ViewController.swift */; };
		7EE953E71959428900244D5C /* Main.storyboard in Resources */ = {isa = PBXBuildFile; fileRef = 7EE953E51959428900244D5C /* Main.storyboard */; };
		7EE953E91959428900244D5C /* Images.xcassets in Resources */ = {isa = PBXBuildFile; fileRef = 7EE953E81959428900244D5C /* Images.xcassets */; };
		7EE953F51959428900244D5C /* itunessearchTests.swift in Sources */ = {isa = PBXBuildFile; fileRef = 7EE953F41959428900244D5C /* itunessearchTests.swift */; };
/* End PBXBuildFile section */

/* Begin PBXContainerItemProxy section */
		7EAD99F3196B49C300794807 /* PBXContainerItemProxy */ = {
			isa = PBXContainerItemProxy;
			containerPortal = 7EAD99EA196B49C300794807 /* Quick.xcodeproj */;
			proxyType = 2;
			remoteGlobalIDString = DAEB6B8E1943873100289F44;
			remoteInfo = Quick;
		};
		7EAD99F5196B49C300794807 /* PBXContainerItemProxy */ = {
			isa = PBXContainerItemProxy;
			containerPortal = 7EAD99EA196B49C300794807 /* Quick.xcodeproj */;
			proxyType = 2;
			remoteGlobalIDString = DAEB6B991943873100289F44;
			remoteInfo = QuickTests;
		};
		7EAD99F7196B49C300794807 /* PBXContainerItemProxy */ = {
			isa = PBXContainerItemProxy;
			containerPortal = 7EAD99EA196B49C300794807 /* Quick.xcodeproj */;
			proxyType = 2;
			remoteGlobalIDString = 5A5D117C19473F2100F6D13D;
			remoteInfo = "Quick-iOS";
		};
		7EAD99F9196B49C300794807 /* PBXContainerItemProxy */ = {
			isa = PBXContainerItemProxy;
			containerPortal = 7EAD99EA196B49C300794807 /* Quick.xcodeproj */;
			proxyType = 2;
			remoteGlobalIDString = 5A5D118619473F2100F6D13D;
			remoteInfo = "Quick-iOSTests";
		};
		7EAD9A02196B49E600794807 /* PBXContainerItemProxy */ = {
			isa = PBXContainerItemProxy;
			containerPortal = 7EAD99FB196B49E600794807 /* Nimble.xcodeproj */;
			proxyType = 2;
			remoteGlobalIDString = 2E37EFEC1950663300DF5316;
			remoteInfo = Nimble;
		};
		7EAD9A04196B49E600794807 /* PBXContainerItemProxy */ = {
			isa = PBXContainerItemProxy;
			containerPortal = 7EAD99FB196B49E600794807 /* Nimble.xcodeproj */;
			proxyType = 2;
			remoteGlobalIDString = 2E37EFF71950663300DF5316;
			remoteInfo = NimbleTests;
		};
		7EAD9A06196B49E600794807 /* PBXContainerItemProxy */ = {
			isa = PBXContainerItemProxy;
			containerPortal = 7EAD99FB196B49E600794807 /* Nimble.xcodeproj */;
			proxyType = 2;
			remoteGlobalIDString = 2E37F0161950665000DF5316;
			remoteInfo = "Nimble-iOS";
		};
		7EAD9A08196B49E600794807 /* PBXContainerItemProxy */ = {
			isa = PBXContainerItemProxy;
			containerPortal = 7EAD99FB196B49E600794807 /* Nimble.xcodeproj */;
			proxyType = 2;
			remoteGlobalIDString = 2E37F0201950665000DF5316;
			remoteInfo = "Nimble-iOSTests";
		};
		7EE953EF1959428900244D5C /* PBXContainerItemProxy */ = {
			isa = PBXContainerItemProxy;
			containerPortal = 7EE953D41959428900244D5C /* Project object */;
			proxyType = 1;
			remoteGlobalIDString = 7EE953DB1959428900244D5C;
			remoteInfo = itunessearch;
		};
/* End PBXContainerItemProxy section */

/* Begin PBXFileReference section */
		7E09B9F2196DF6F500045A8D /* itunesSpecHelper.swift */ = {isa = PBXFileReference; fileEncoding = 4; lastKnownFileType = sourcecode.swift; path = itunesSpecHelper.swift; sourceTree = "<group>"; };
		7EAD99EA196B49C300794807 /* Quick.xcodeproj */ = {isa = PBXFileReference; lastKnownFileType = "wrapper.pb-project"; name = Quick.xcodeproj; path = Quick/Quick/Quick.xcodeproj; sourceTree = SOURCE_ROOT; };
		7EAD99FB196B49E600794807 /* Nimble.xcodeproj */ = {isa = PBXFileReference; lastKnownFileType = "wrapper.pb-project"; name = Nimble.xcodeproj; path = Quick/Nimble/Nimble.xcodeproj; sourceTree = SOURCE_ROOT; };
		7EAD9A0C196B4D2600794807 /* itunesSpecs.swift */ = {isa = PBXFileReference; fileEncoding = 4; lastKnownFileType = sourcecode.swift; path = itunesSpecs.swift; sourceTree = "<group>"; };
		7EE953DC1959428900244D5C /* itunessearch.app */ = {isa = PBXFileReference; explicitFileType = wrapper.application; includeInIndex = 0; path = itunessearch.app; sourceTree = BUILT_PRODUCTS_DIR; };
		7EE953E01959428900244D5C /* Info.plist */ = {isa = PBXFileReference; lastKnownFileType = text.plist.xml; path = Info.plist; sourceTree = "<group>"; };
		7EE953E11959428900244D5C /* AppDelegate.swift */ = {isa = PBXFileReference; lastKnownFileType = sourcecode.swift; path = AppDelegate.swift; sourceTree = "<group>"; };
		7EE953E31959428900244D5C /* ViewController.swift */ = {isa = PBXFileReference; lastKnownFileType = sourcecode.swift; path = ViewController.swift; sourceTree = "<group>"; };
		7EE953E61959428900244D5C /* Base */ = {isa = PBXFileReference; lastKnownFileType = file.storyboard; name = Base; path = Base.lproj/Main.storyboard; sourceTree = "<group>"; };
		7EE953E81959428900244D5C /* Images.xcassets */ = {isa = PBXFileReference; lastKnownFileType = folder.assetcatalog; path = Images.xcassets; sourceTree = "<group>"; };
		7EE953EE1959428900244D5C /* itunessearchTests.xctest */ = {isa = PBXFileReference; explicitFileType = wrapper.cfbundle; includeInIndex = 0; path = itunessearchTests.xctest; sourceTree = BUILT_PRODUCTS_DIR; };
		7EE953F31959428900244D5C /* Info.plist */ = {isa = PBXFileReference; lastKnownFileType = text.plist.xml; path = Info.plist; sourceTree = "<group>"; };
		7EE953F41959428900244D5C /* itunessearchTests.swift */ = {isa = PBXFileReference; lastKnownFileType = sourcecode.swift; path = itunessearchTests.swift; sourceTree = "<group>"; };
/* End PBXFileReference section */

/* Begin PBXFrameworksBuildPhase section */
		7EE953D91959428900244D5C /* Frameworks */ = {
			isa = PBXFrameworksBuildPhase;
			buildActionMask = 2147483647;
			files = (
				7EAD9A0A196B4CCE00794807 /* Quick.framework in Frameworks */,
				7EAD9A0B196B4CD500794807 /* Nimble.framework in Frameworks */,
			);
			runOnlyForDeploymentPostprocessing = 0;
		};
		7EE953EB1959428900244D5C /* Frameworks */ = {
			isa = PBXFrameworksBuildPhase;
			buildActionMask = 2147483647;
			files = (
			);
			runOnlyForDeploymentPostprocessing = 0;
		};
/* End PBXFrameworksBuildPhase section */

/* Begin PBXGroup section */
		7EAD99EB196B49C300794807 /* Products */ = {
			isa = PBXGroup;
			children = (
				7EAD99F4196B49C300794807 /* Quick.framework */,
				7EAD99F6196B49C300794807 /* QuickTests.xctest */,
				7EAD99F8196B49C300794807 /* Quick.framework */,
				7EAD99FA196B49C300794807 /* Quick-iOSTests.xctest */,
			);
			name = Products;
			sourceTree = "<group>";
		};
		7EAD99FC196B49E600794807 /* Products */ = {
			isa = PBXGroup;
			children = (
				7EAD9A03196B49E600794807 /* Nimble.framework */,
				7EAD9A05196B49E600794807 /* NimbleTests.xctest */,
				7EAD9A07196B49E600794807 /* Nimble.framework */,
				7EAD9A09196B49E600794807 /* Nimble-iOSTests.xctest */,
			);
			name = Products;
			sourceTree = "<group>";
		};
		7EE953D31959428900244D5C = {
			isa = PBXGroup;
			children = (
				7EE953DE1959428900244D5C /* itunessearch */,
				7EE953F11959428900244D5C /* itunessearchTests */,
				7EE953DD1959428900244D5C /* Products */,
			);
			sourceTree = "<group>";
		};
		7EE953DD1959428900244D5C /* Products */ = {
			isa = PBXGroup;
			children = (
				7EE953DC1959428900244D5C /* itunessearch.app */,
				7EE953EE1959428900244D5C /* itunessearchTests.xctest */,
			);
			name = Products;
			sourceTree = "<group>";
		};
		7EE953DE1959428900244D5C /* itunessearch */ = {
			isa = PBXGroup;
			children = (
				7EE953E11959428900244D5C /* AppDelegate.swift */,
				7EE953E31959428900244D5C /* ViewController.swift */,
				7EE953E51959428900244D5C /* Main.storyboard */,
				7EE953E81959428900244D5C /* Images.xcassets */,
				7EE953DF1959428900244D5C /* Supporting Files */,
			);
			path = itunessearch;
			sourceTree = "<group>";
		};
		7EE953DF1959428900244D5C /* Supporting Files */ = {
			isa = PBXGroup;
			children = (
				7EE953E01959428900244D5C /* Info.plist */,
			);
			name = "Supporting Files";
			sourceTree = "<group>";
		};
		7EE953F11959428900244D5C /* itunessearchTests */ = {
			isa = PBXGroup;
			children = (
				7EAD99FB196B49E600794807 /* Nimble.xcodeproj */,
				7EAD99EA196B49C300794807 /* Quick.xcodeproj */,
				7EE953F41959428900244D5C /* itunessearchTests.swift */,
				7EAD9A0C196B4D2600794807 /* itunesSpecs.swift */,
				7EE953F21959428900244D5C /* Supporting Files */,
				7E09B9F2196DF6F500045A8D /* itunesSpecHelper.swift */,
			);
			path = itunessearchTests;
			sourceTree = "<group>";
		};
		7EE953F21959428900244D5C /* Supporting Files */ = {
			isa = PBXGroup;
			children = (
				7EE953F31959428900244D5C /* Info.plist */,
			);
			name = "Supporting Files";
			sourceTree = "<group>";
		};
/* End PBXGroup section */

/* Begin PBXNativeTarget section */
		7EE953DB1959428900244D5C /* itunessearch */ = {
			isa = PBXNativeTarget;
			buildConfigurationList = 7EE953F81959428900244D5C /* Build configuration list for PBXNativeTarget "itunessearch" */;
			buildPhases = (
				7EE953D81959428900244D5C /* Sources */,
				7EE953D91959428900244D5C /* Frameworks */,
				7EE953DA1959428900244D5C /* Resources */,
			);
			buildRules = (
			);
			dependencies = (
			);
			name = itunessearch;
			productName = itunessearch;
			productReference = 7EE953DC1959428900244D5C /* itunessearch.app */;
			productType = "com.apple.product-type.application";
		};
		7EE953ED1959428900244D5C /* itunessearchTests */ = {
			isa = PBXNativeTarget;
			buildConfigurationList = 7EE953FB1959428900244D5C /* Build configuration list for PBXNativeTarget "itunessearchTests" */;
			buildPhases = (
				7EE953EA1959428900244D5C /* Sources */,
				7EE953EB1959428900244D5C /* Frameworks */,
				7EE953EC1959428900244D5C /* Resources */,
			);
			buildRules = (
			);
			dependencies = (
				7EE953F01959428900244D5C /* PBXTargetDependency */,
			);
			name = itunessearchTests;
			productName = itunessearchTests;
			productReference = 7EE953EE1959428900244D5C /* itunessearchTests.xctest */;
			productType = "com.apple.product-type.bundle.unit-test";
		};
/* End PBXNativeTarget section */

/* Begin PBXProject section */
		7EE953D41959428900244D5C /* Project object */ = {
			isa = PBXProject;
			attributes = {
				LastUpgradeCheck = 0600;
				ORGANIZATIONNAME = "Jean Frederic Plante";
				TargetAttributes = {
					7EE953DB1959428900244D5C = {
						CreatedOnToolsVersion = 6.0;
					};
					7EE953ED1959428900244D5C = {
						CreatedOnToolsVersion = 6.0;
						TestTargetID = 7EE953DB1959428900244D5C;
					};
				};
			};
			buildConfigurationList = 7EE953D71959428900244D5C /* Build configuration list for PBXProject "itunessearch" */;
			compatibilityVersion = "Xcode 3.2";
			developmentRegion = English;
			hasScannedForEncodings = 0;
			knownRegions = (
				en,
				Base,
			);
			mainGroup = 7EE953D31959428900244D5C;
			productRefGroup = 7EE953DD1959428900244D5C /* Products */;
			projectDirPath = "";
			projectReferences = (
				{
					ProductGroup = 7EAD99FC196B49E600794807 /* Products */;
					ProjectRef = 7EAD99FB196B49E600794807 /* Nimble.xcodeproj */;
				},
				{
					ProductGroup = 7EAD99EB196B49C300794807 /* Products */;
					ProjectRef = 7EAD99EA196B49C300794807 /* Quick.xcodeproj */;
				},
			);
			projectRoot = "";
			targets = (
				7EE953DB1959428900244D5C /* itunessearch */,
				7EE953ED1959428900244D5C /* itunessearchTests */,
			);
		};
/* End PBXProject section */

/* Begin PBXReferenceProxy section */
		7EAD99F4196B49C300794807 /* Quick.framework */ = {
			isa = PBXReferenceProxy;
			fileType = wrapper.framework;
			path = Quick.framework;
			remoteRef = 7EAD99F3196B49C300794807 /* PBXContainerItemProxy */;
			sourceTree = BUILT_PRODUCTS_DIR;
		};
		7EAD99F6196B49C300794807 /* QuickTests.xctest */ = {
			isa = PBXReferenceProxy;
			fileType = wrapper.cfbundle;
			path = QuickTests.xctest;
			remoteRef = 7EAD99F5196B49C300794807 /* PBXContainerItemProxy */;
			sourceTree = BUILT_PRODUCTS_DIR;
		};
		7EAD99F8196B49C300794807 /* Quick.framework */ = {
			isa = PBXReferenceProxy;
			fileType = wrapper.framework;
			path = Quick.framework;
			remoteRef = 7EAD99F7196B49C300794807 /* PBXContainerItemProxy */;
			sourceTree = BUILT_PRODUCTS_DIR;
		};
		7EAD99FA196B49C300794807 /* Quick-iOSTests.xctest */ = {
			isa = PBXReferenceProxy;
			fileType = wrapper.cfbundle;
			path = "Quick-iOSTests.xctest";
			remoteRef = 7EAD99F9196B49C300794807 /* PBXContainerItemProxy */;
			sourceTree = BUILT_PRODUCTS_DIR;
		};
		7EAD9A03196B49E600794807 /* Nimble.framework */ = {
			isa = PBXReferenceProxy;
			fileType = wrapper.framework;
			path = Nimble.framework;
			remoteRef = 7EAD9A02196B49E600794807 /* PBXContainerItemProxy */;
			sourceTree = BUILT_PRODUCTS_DIR;
		};
		7EAD9A05196B49E600794807 /* NimbleTests.xctest */ = {
			isa = PBXReferenceProxy;
			fileType = wrapper.cfbundle;
			path = NimbleTests.xctest;
			remoteRef = 7EAD9A04196B49E600794807 /* PBXContainerItemProxy */;
			sourceTree = BUILT_PRODUCTS_DIR;
		};
		7EAD9A07196B49E600794807 /* Nimble.framework */ = {
			isa = PBXReferenceProxy;
			fileType = wrapper.framework;
			path = Nimble.framework;
			remoteRef = 7EAD9A06196B49E600794807 /* PBXContainerItemProxy */;
			sourceTree = BUILT_PRODUCTS_DIR;
		};
		7EAD9A09196B49E600794807 /* Nimble-iOSTests.xctest */ = {
			isa = PBXReferenceProxy;
			fileType = wrapper.cfbundle;
			path = "Nimble-iOSTests.xctest";
			remoteRef = 7EAD9A08196B49E600794807 /* PBXContainerItemProxy */;
			sourceTree = BUILT_PRODUCTS_DIR;
		};
/* End PBXReferenceProxy section */

/* Begin PBXResourcesBuildPhase section */
		7EE953DA1959428900244D5C /* Resources */ = {
			isa = PBXResourcesBuildPhase;
			buildActionMask = 2147483647;
			files = (
				7EE953E71959428900244D5C /* Main.storyboard in Resources */,
				7EE953E91959428900244D5C /* Images.xcassets in Resources */,
			);
			runOnlyForDeploymentPostprocessing = 0;
		};
		7EE953EC1959428900244D5C /* Resources */ = {
			isa = PBXResourcesBuildPhase;
			buildActionMask = 2147483647;
			files = (
			);
			runOnlyForDeploymentPostprocessing = 0;
		};
/* End PBXResourcesBuildPhase section */

/* Begin PBXSourcesBuildPhase section */
		7EE953D81959428900244D5C /* Sources */ = {
			isa = PBXSourcesBuildPhase;
			buildActionMask = 2147483647;
			files = (
				7EE953E41959428900244D5C /* ViewController.swift in Sources */,
				7EE953E21959428900244D5C /* AppDelegate.swift in Sources */,
			);
			runOnlyForDeploymentPostprocessing = 0;
		};
		7EE953EA1959428900244D5C /* Sources */ = {
			isa = PBXSourcesBuildPhase;
			buildActionMask = 2147483647;
			files = (
				7EAD9A0D196B4D2600794807 /* itunesSpecs.swift in Sources */,
				7E09B9F3196DF6F500045A8D /* itunesSpecHelper.swift in Sources */,
				7EE953F51959428900244D5C /* itunessearchTests.swift in Sources */,
			);
			runOnlyForDeploymentPostprocessing = 0;
		};
/* End PBXSourcesBuildPhase section */

/* Begin PBXTargetDependency section */
		7EE953F01959428900244D5C /* PBXTargetDependency */ = {
			isa = PBXTargetDependency;
			target = 7EE953DB1959428900244D5C /* itunessearch */;
			targetProxy = 7EE953EF1959428900244D5C /* PBXContainerItemProxy */;
		};
/* End PBXTargetDependency section */

/* Begin PBXVariantGroup section */
		7EE953E51959428900244D5C /* Main.storyboard */ = {
			isa = PBXVariantGroup;
			children = (
				7EE953E61959428900244D5C /* Base */,
			);
			name = Main.storyboard;
			sourceTree = "<group>";
		};
/* End PBXVariantGroup section */

/* Begin XCBuildConfiguration section */
		7EE953F61959428900244D5C /* Debug */ = {
			isa = XCBuildConfiguration;
			buildSettings = {
				ALWAYS_SEARCH_USER_PATHS = NO;
				CLANG_CXX_LANGUAGE_STANDARD = "gnu++0x";
				CLANG_CXX_LIBRARY = "libc++";
				CLANG_ENABLE_MODULES = YES;
				CLANG_ENABLE_OBJC_ARC = YES;
				CLANG_WARN_BOOL_CONVERSION = YES;
				CLANG_WARN_CONSTANT_CONVERSION = YES;
				CLANG_WARN_DIRECT_OBJC_ISA_USAGE = YES_ERROR;
				CLANG_WARN_EMPTY_BODY = YES;
				CLANG_WARN_ENUM_CONVERSION = YES;
				CLANG_WARN_INT_CONVERSION = YES;
				CLANG_WARN_OBJC_ROOT_CLASS = YES_ERROR;
				CLANG_WARN_UNREACHABLE_CODE = YES;
				CLANG_WARN__DUPLICATE_METHOD_MATCH = YES;
				"CODE_SIGN_IDENTITY[sdk=iphoneos*]" = "iPhone Developer";
				COPY_PHASE_STRIP = NO;
				ENABLE_STRICT_OBJC_MSGSEND = YES;
				GCC_C_LANGUAGE_STANDARD = gnu99;
				GCC_DYNAMIC_NO_PIC = NO;
				GCC_OPTIMIZATION_LEVEL = 0;
				GCC_PREPROCESSOR_DEFINITIONS = (
					"DEBUG=1",
					"$(inherited)",
				);
				GCC_SYMBOLS_PRIVATE_EXTERN = NO;
				GCC_WARN_64_TO_32_BIT_CONVERSION = YES;
				GCC_WARN_ABOUT_RETURN_TYPE = YES_ERROR;
				GCC_WARN_UNDECLARED_SELECTOR = YES;
				GCC_WARN_UNINITIALIZED_AUTOS = YES_AGGRESSIVE;
				GCC_WARN_UNUSED_FUNCTION = YES;
				GCC_WARN_UNUSED_VARIABLE = YES;
				IPHONEOS_DEPLOYMENT_TARGET = 8.0;
				METAL_ENABLE_DEBUG_INFO = YES;
				ONLY_ACTIVE_ARCH = YES;
				SDKROOT = iphoneos;
				SWIFT_OPTIMIZATION_LEVEL = "-Onone";
			};
			name = Debug;
		};
		7EE953F71959428900244D5C /* Release */ = {
			isa = XCBuildConfiguration;
			buildSettings = {
				ALWAYS_SEARCH_USER_PATHS = NO;
				CLANG_CXX_LANGUAGE_STANDARD = "gnu++0x";
				CLANG_CXX_LIBRARY = "libc++";
				CLANG_ENABLE_MODULES = YES;
				CLANG_ENABLE_OBJC_ARC = YES;
				CLANG_WARN_BOOL_CONVERSION = YES;
				CLANG_WARN_CONSTANT_CONVERSION = YES;
				CLANG_WARN_DIRECT_OBJC_ISA_USAGE = YES_ERROR;
				CLANG_WARN_EMPTY_BODY = YES;
				CLANG_WARN_ENUM_CONVERSION = YES;
				CLANG_WARN_INT_CONVERSION = YES;
				CLANG_WARN_OBJC_ROOT_CLASS = YES_ERROR;
				CLANG_WARN_UNREACHABLE_CODE = YES;
				CLANG_WARN__DUPLICATE_METHOD_MATCH = YES;
				"CODE_SIGN_IDENTITY[sdk=iphoneos*]" = "iPhone Developer";
				COPY_PHASE_STRIP = YES;
				ENABLE_NS_ASSERTIONS = NO;
				ENABLE_STRICT_OBJC_MSGSEND = YES;
				GCC_C_LANGUAGE_STANDARD = gnu99;
				GCC_WARN_64_TO_32_BIT_CONVERSION = YES;
				GCC_WARN_ABOUT_RETURN_TYPE = YES_ERROR;
				GCC_WARN_UNDECLARED_SELECTOR = YES;
				GCC_WARN_UNINITIALIZED_AUTOS = YES_AGGRESSIVE;
				GCC_WARN_UNUSED_FUNCTION = YES;
				GCC_WARN_UNUSED_VARIABLE = YES;
				IPHONEOS_DEPLOYMENT_TARGET = 8.0;
				METAL_ENABLE_DEBUG_INFO = NO;
				SDKROOT = iphoneos;
				VALIDATE_PRODUCT = YES;
			};
			name = Release;
		};
		7EE953F91959428900244D5C /* Debug */ = {
			isa = XCBuildConfiguration;
			buildSettings = {
				ASSETCATALOG_COMPILER_APPICON_NAME = AppIcon;
				ASSETCATALOG_COMPILER_LAUNCHIMAGE_NAME = LaunchImage;
				INFOPLIST_FILE = itunessearch/Info.plist;
				IPHONEOS_DEPLOYMENT_TARGET = 8.0;
				LD_RUNPATH_SEARCH_PATHS = "$(inherited) @executable_path/Frameworks /Applications/Xcode6-Beta.app/Contents/Developer/Platforms/iPhoneSimulator.platform/Developer/Library/Frameworks";
				PRODUCT_NAME = "$(TARGET_NAME)";
			};
			name = Debug;
		};
		7EE953FA1959428900244D5C /* Release */ = {
			isa = XCBuildConfiguration;
			buildSettings = {
				ASSETCATALOG_COMPILER_APPICON_NAME = AppIcon;
				ASSETCATALOG_COMPILER_LAUNCHIMAGE_NAME = LaunchImage;
				INFOPLIST_FILE = itunessearch/Info.plist;
				IPHONEOS_DEPLOYMENT_TARGET = 8.0;
				LD_RUNPATH_SEARCH_PATHS = "$(inherited) @executable_path/Frameworks /Applications/Xcode6-Beta.app/Contents/Developer/Platforms/iPhoneSimulator.platform/Developer/Library/Frameworks";
				PRODUCT_NAME = "$(TARGET_NAME)";
			};
			name = Release;
		};
		7EE953FC1959428900244D5C /* Debug */ = {
			isa = XCBuildConfiguration;
			buildSettings = {
				BUNDLE_LOADER = "$(BUILT_PRODUCTS_DIR)/itunessearch.app/itunessearch";
				FRAMEWORK_SEARCH_PATHS = (
					"$(SDKROOT)/Developer/Library/Frameworks",
					"$(inherited)",
				);
				GCC_PREPROCESSOR_DEFINITIONS = (
					"DEBUG=1",
					"$(inherited)",
				);
				INFOPLIST_FILE = itunessearchTests/Info.plist;
				LD_RUNPATH_SEARCH_PATHS = "$(inherited) @executable_path/Frameworks @loader_path/Frameworks";
				METAL_ENABLE_DEBUG_INFO = YES;
				PRODUCT_NAME = "$(TARGET_NAME)";
				TEST_HOST = "$(BUNDLE_LOADER)";
			};
			name = Debug;
		};
		7EE953FD1959428900244D5C /* Release */ = {
			isa = XCBuildConfiguration;
			buildSettings = {
				BUNDLE_LOADER = "$(BUILT_PRODUCTS_DIR)/itunessearch.app/itunessearch";
				FRAMEWORK_SEARCH_PATHS = (
					"$(SDKROOT)/Developer/Library/Frameworks",
					"$(inherited)",
				);
				INFOPLIST_FILE = itunessearchTests/Info.plist;
				LD_RUNPATH_SEARCH_PATHS = "$(inherited) @executable_path/Frameworks @loader_path/Frameworks";
				METAL_ENABLE_DEBUG_INFO = NO;
				PRODUCT_NAME = "$(TARGET_NAME)";
				TEST_HOST = "$(BUNDLE_LOADER)";
			};
			name = Release;
		};
/* End XCBuildConfiguration section */

/* Begin XCConfigurationList section */
		7EE953D71959428900244D5C /* Build configuration list for PBXProject "itunessearch" */ = {
			isa = XCConfigurationList;
			buildConfigurations = (
				7EE953F61959428900244D5C /* Debug */,
				7EE953F71959428900244D5C /* Release */,
			);
			defaultConfigurationIsVisible = 0;
			defaultConfigurationName = Release;
		};
		7EE953F81959428900244D5C /* Build configuration list for PBXNativeTarget "itunessearch" */ = {
			isa = XCConfigurationList;
			buildConfigurations = (
				7EE953F91959428900244D5C /* Debug */,
				7EE953FA1959428900244D5C /* Release */,
			);
			defaultConfigurationIsVisible = 0;
			defaultConfigurationName = Release;
		};
		7EE953FB1959428900244D5C /* Build configuration list for PBXNativeTarget "itunessearchTests" */ = {
			isa = XCConfigurationList;
			buildConfigurations = (
				7EE953FC1959428900244D5C /* Debug */,
				7EE953FD1959428900244D5C /* Release */,
			);
			defaultConfigurationIsVisible = 0;
			defaultConfigurationName = Release;
		};
/* End XCConfigurationList section */
	};
	rootObject = 7EE953D41959428900244D5C /* Project object */;
}
